// !$*UTF8*$!
{
	archiveVersion = 1;
	classes = {
	};
	objectVersion = 51;
	objects = {

/* Begin PBXBuildFile section */
		0F690FAF25DE51AB00019D1F /* AppDelegate.swift in Sources */ = {isa = PBXBuildFile; fileRef = 0F690FAE25DE51AB00019D1F /* AppDelegate.swift */; };
		0F690FB125DE51AB00019D1F /* SceneDelegate.swift in Sources */ = {isa = PBXBuildFile; fileRef = 0F690FB025DE51AB00019D1F /* SceneDelegate.swift */; };
		0F690FB625DE51AB00019D1F /* Main.storyboard in Resources */ = {isa = PBXBuildFile; fileRef = 0F690FB425DE51AB00019D1F /* Main.storyboard */; };
		0F690FB825DE51AE00019D1F /* Assets.xcassets in Resources */ = {isa = PBXBuildFile; fileRef = 0F690FB725DE51AE00019D1F /* Assets.xcassets */; };
		0F690FBB25DE51AE00019D1F /* LaunchScreen.storyboard in Resources */ = {isa = PBXBuildFile; fileRef = 0F690FB925DE51AE00019D1F /* LaunchScreen.storyboard */; };
		0F690FC625DE51AF00019D1F /* FlixTests.swift in Sources */ = {isa = PBXBuildFile; fileRef = 0F690FC525DE51AF00019D1F /* FlixTests.swift */; };
		0F690FD125DE51AF00019D1F /* FlixUITests.swift in Sources */ = {isa = PBXBuildFile; fileRef = 0F690FD025DE51AF00019D1F /* FlixUITests.swift */; };
		0F690FE525DE51D000019D1F /* MovieViewController.swift in Sources */ = {isa = PBXBuildFile; fileRef = 0F690FE425DE51D000019D1F /* MovieViewController.swift */; };
		0F690FEA25DF3AD300019D1F /* MovieCell.swift in Sources */ = {isa = PBXBuildFile; fileRef = 0F690FE925DF3AD300019D1F /* MovieCell.swift */; };
		300989CCC72E4A4AEE22E776 /* Pods_Flix.framework in Frameworks */ = {isa = PBXBuildFile; fileRef = A4F7285115354D47006AD7FB /* Pods_Flix.framework */; };
		9C9342F40D03130CD08B7F61 /* Pods_Flix_FlixUITests.framework in Frameworks */ = {isa = PBXBuildFile; fileRef = 20CF5B001A3A80A6472B146E /* Pods_Flix_FlixUITests.framework */; };
		E92C2B926B76F6FB7386D7C9 /* Pods_FlixTests.framework in Frameworks */ = {isa = PBXBuildFile; fileRef = FC7750892B2FAABC4F3FEC37 /* Pods_FlixTests.framework */; };
/* End PBXBuildFile section */

/* Begin PBXContainerItemProxy section */
		0F690FC225DE51AF00019D1F /* PBXContainerItemProxy */ = {
			isa = PBXContainerItemProxy;
			containerPortal = 0F690FA325DE51AB00019D1F /* Project object */;
			proxyType = 1;
			remoteGlobalIDString = 0F690FAA25DE51AB00019D1F;
			remoteInfo = Flix;
		};
		0F690FCD25DE51AF00019D1F /* PBXContainerItemProxy */ = {
			isa = PBXContainerItemProxy;
			containerPortal = 0F690FA325DE51AB00019D1F /* Project object */;
			proxyType = 1;
			remoteGlobalIDString = 0F690FAA25DE51AB00019D1F;
			remoteInfo = Flix;
		};
/* End PBXContainerItemProxy section */

/* Begin PBXFileReference section */
		0F690FAB25DE51AB00019D1F /* Flix.app */ = {isa = PBXFileReference; explicitFileType = wrapper.application; includeInIndex = 0; path = Flix.app; sourceTree = BUILT_PRODUCTS_DIR; };
		0F690FAE25DE51AB00019D1F /* AppDelegate.swift */ = {isa = PBXFileReference; lastKnownFileType = sourcecode.swift; path = AppDelegate.swift; sourceTree = "<group>"; };
		0F690FB025DE51AB00019D1F /* SceneDelegate.swift */ = {isa = PBXFileReference; lastKnownFileType = sourcecode.swift; path = SceneDelegate.swift; sourceTree = "<group>"; };
		0F690FB525DE51AB00019D1F /* Base */ = {isa = PBXFileReference; lastKnownFileType = file.storyboard; name = Base; path = Base.lproj/Main.storyboard; sourceTree = "<group>"; };
		0F690FB725DE51AE00019D1F /* Assets.xcassets */ = {isa = PBXFileReference; lastKnownFileType = folder.assetcatalog; path = Assets.xcassets; sourceTree = "<group>"; };
		0F690FBA25DE51AE00019D1F /* Base */ = {isa = PBXFileReference; lastKnownFileType = file.storyboard; name = Base; path = Base.lproj/LaunchScreen.storyboard; sourceTree = "<group>"; };
		0F690FBC25DE51AE00019D1F /* Info.plist */ = {isa = PBXFileReference; lastKnownFileType = text.plist.xml; path = Info.plist; sourceTree = "<group>"; };
		0F690FC125DE51AF00019D1F /* FlixTests.xctest */ = {isa = PBXFileReference; explicitFileType = wrapper.cfbundle; includeInIndex = 0; path = FlixTests.xctest; sourceTree = BUILT_PRODUCTS_DIR; };
		0F690FC525DE51AF00019D1F /* FlixTests.swift */ = {isa = PBXFileReference; lastKnownFileType = sourcecode.swift; path = FlixTests.swift; sourceTree = "<group>"; };
		0F690FC725DE51AF00019D1F /* Info.plist */ = {isa = PBXFileReference; lastKnownFileType = text.plist.xml; path = Info.plist; sourceTree = "<group>"; };
		0F690FCC25DE51AF00019D1F /* FlixUITests.xctest */ = {isa = PBXFileReference; explicitFileType = wrapper.cfbundle; includeInIndex = 0; path = FlixUITests.xctest; sourceTree = BUILT_PRODUCTS_DIR; };
		0F690FD025DE51AF00019D1F /* FlixUITests.swift */ = {isa = PBXFileReference; lastKnownFileType = sourcecode.swift; path = FlixUITests.swift; sourceTree = "<group>"; };
		0F690FD225DE51AF00019D1F /* Info.plist */ = {isa = PBXFileReference; lastKnownFileType = text.plist.xml; path = Info.plist; sourceTree = "<group>"; };
		0F690FE425DE51D000019D1F /* MovieViewController.swift */ = {isa = PBXFileReference; lastKnownFileType = sourcecode.swift; path = MovieViewController.swift; sourceTree = "<group>"; };
		0F690FE925DF3AD300019D1F /* MovieCell.swift */ = {isa = PBXFileReference; lastKnownFileType = sourcecode.swift; path = MovieCell.swift; sourceTree = "<group>"; };
		20CF5B001A3A80A6472B146E /* Pods_Flix_FlixUITests.framework */ = {isa = PBXFileReference; explicitFileType = wrapper.framework; includeInIndex = 0; path = Pods_Flix_FlixUITests.framework; sourceTree = BUILT_PRODUCTS_DIR; };
		2E41CB9DCBB33F50284056A6 /* Pods-FlixTests.release.xcconfig */ = {isa = PBXFileReference; includeInIndex = 1; lastKnownFileType = text.xcconfig; name = "Pods-FlixTests.release.xcconfig"; path = "Target Support Files/Pods-FlixTests/Pods-FlixTests.release.xcconfig"; sourceTree = "<group>"; };
		61AECE7A91A63042C511FD55 /* Pods-Flix-FlixUITests.release.xcconfig */ = {isa = PBXFileReference; includeInIndex = 1; lastKnownFileType = text.xcconfig; name = "Pods-Flix-FlixUITests.release.xcconfig"; path = "Target Support Files/Pods-Flix-FlixUITests/Pods-Flix-FlixUITests.release.xcconfig"; sourceTree = "<group>"; };
		879D7C399C59F4A6F2635588 /* Pods-Flix.release.xcconfig */ = {isa = PBXFileReference; includeInIndex = 1; lastKnownFileType = text.xcconfig; name = "Pods-Flix.release.xcconfig"; path = "Target Support Files/Pods-Flix/Pods-Flix.release.xcconfig"; sourceTree = "<group>"; };
		A4F7285115354D47006AD7FB /* Pods_Flix.framework */ = {isa = PBXFileReference; explicitFileType = wrapper.framework; includeInIndex = 0; path = Pods_Flix.framework; sourceTree = BUILT_PRODUCTS_DIR; };
		BC679905FA8F3CA342384A77 /* Pods-FlixTests.debug.xcconfig */ = {isa = PBXFileReference; includeInIndex = 1; lastKnownFileType = text.xcconfig; name = "Pods-FlixTests.debug.xcconfig"; path = "Target Support Files/Pods-FlixTests/Pods-FlixTests.debug.xcconfig"; sourceTree = "<group>"; };
		E89A0E141D7F46728C21DB8F /* Pods-Flix-FlixUITests.debug.xcconfig */ = {isa = PBXFileReference; includeInIndex = 1; lastKnownFileType = text.xcconfig; name = "Pods-Flix-FlixUITests.debug.xcconfig"; path = "Target Support Files/Pods-Flix-FlixUITests/Pods-Flix-FlixUITests.debug.xcconfig"; sourceTree = "<group>"; };
		F134F24B8C67749FC3175D73 /* Pods-Flix.debug.xcconfig */ = {isa = PBXFileReference; includeInIndex = 1; lastKnownFileType = text.xcconfig; name = "Pods-Flix.debug.xcconfig"; path = "Target Support Files/Pods-Flix/Pods-Flix.debug.xcconfig"; sourceTree = "<group>"; };
		FC7750892B2FAABC4F3FEC37 /* Pods_FlixTests.framework */ = {isa = PBXFileReference; explicitFileType = wrapper.framework; includeInIndex = 0; path = Pods_FlixTests.framework; sourceTree = BUILT_PRODUCTS_DIR; };
/* End PBXFileReference section */

/* Begin PBXFrameworksBuildPhase section */
		0F690FA825DE51AB00019D1F /* Frameworks */ = {
			isa = PBXFrameworksBuildPhase;
			buildActionMask = 2147483647;
			files = (
				300989CCC72E4A4AEE22E776 /* Pods_Flix.framework in Frameworks */,
			);
			runOnlyForDeploymentPostprocessing = 0;
		};
		0F690FBE25DE51AF00019D1F /* Frameworks */ = {
			isa = PBXFrameworksBuildPhase;
			buildActionMask = 2147483647;
			files = (
				E92C2B926B76F6FB7386D7C9 /* Pods_FlixTests.framework in Frameworks */,
			);
			runOnlyForDeploymentPostprocessing = 0;
		};
		0F690FC925DE51AF00019D1F /* Frameworks */ = {
			isa = PBXFrameworksBuildPhase;
			buildActionMask = 2147483647;
			files = (
				9C9342F40D03130CD08B7F61 /* Pods_Flix_FlixUITests.framework in Frameworks */,
			);
			runOnlyForDeploymentPostprocessing = 0;
		};
/* End PBXFrameworksBuildPhase section */

/* Begin PBXGroup section */
		0F690FA225DE51AB00019D1F = {
			isa = PBXGroup;
			children = (
				0F690FAD25DE51AB00019D1F /* Flix */,
				0F690FC425DE51AF00019D1F /* FlixTests */,
				0F690FCF25DE51AF00019D1F /* FlixUITests */,
				0F690FAC25DE51AB00019D1F /* Products */,
				D4E29A6019BABE1D382ED2A4 /* Pods */,
				4C5CED39CD0BEF6B7FFE3AA5 /* Frameworks */,
			);
			sourceTree = "<group>";
		};
		0F690FAC25DE51AB00019D1F /* Products */ = {
			isa = PBXGroup;
			children = (
				0F690FAB25DE51AB00019D1F /* Flix.app */,
				0F690FC125DE51AF00019D1F /* FlixTests.xctest */,
				0F690FCC25DE51AF00019D1F /* FlixUITests.xctest */,
			);
			name = Products;
			sourceTree = "<group>";
		};
		0F690FAD25DE51AB00019D1F /* Flix */ = {
			isa = PBXGroup;
			children = (
				0F690FAE25DE51AB00019D1F /* AppDelegate.swift */,
				0F690FB025DE51AB00019D1F /* SceneDelegate.swift */,
				0F690FB425DE51AB00019D1F /* Main.storyboard */,
				0F690FB725DE51AE00019D1F /* Assets.xcassets */,
				0F690FB925DE51AE00019D1F /* LaunchScreen.storyboard */,
				0F690FBC25DE51AE00019D1F /* Info.plist */,
				0F690FE425DE51D000019D1F /* MovieViewController.swift */,
				0F690FE925DF3AD300019D1F /* MovieCell.swift */,
			);
			path = Flix;
			sourceTree = "<group>";
		};
		0F690FC425DE51AF00019D1F /* FlixTests */ = {
			isa = PBXGroup;
			children = (
				0F690FC525DE51AF00019D1F /* FlixTests.swift */,
				0F690FC725DE51AF00019D1F /* Info.plist */,
			);
			path = FlixTests;
			sourceTree = "<group>";
		};
		0F690FCF25DE51AF00019D1F /* FlixUITests */ = {
			isa = PBXGroup;
			children = (
				0F690FD025DE51AF00019D1F /* FlixUITests.swift */,
				0F690FD225DE51AF00019D1F /* Info.plist */,
			);
			path = FlixUITests;
			sourceTree = "<group>";
		};
		4C5CED39CD0BEF6B7FFE3AA5 /* Frameworks */ = {
			isa = PBXGroup;
			children = (
				A4F7285115354D47006AD7FB /* Pods_Flix.framework */,
				20CF5B001A3A80A6472B146E /* Pods_Flix_FlixUITests.framework */,
				FC7750892B2FAABC4F3FEC37 /* Pods_FlixTests.framework */,
			);
			name = Frameworks;
			sourceTree = "<group>";
		};
		D4E29A6019BABE1D382ED2A4 /* Pods */ = {
			isa = PBXGroup;
			children = (
				F134F24B8C67749FC3175D73 /* Pods-Flix.debug.xcconfig */,
				879D7C399C59F4A6F2635588 /* Pods-Flix.release.xcconfig */,
				E89A0E141D7F46728C21DB8F /* Pods-Flix-FlixUITests.debug.xcconfig */,
				61AECE7A91A63042C511FD55 /* Pods-Flix-FlixUITests.release.xcconfig */,
				BC679905FA8F3CA342384A77 /* Pods-FlixTests.debug.xcconfig */,
				2E41CB9DCBB33F50284056A6 /* Pods-FlixTests.release.xcconfig */,
			);
			path = Pods;
			sourceTree = "<group>";
		};
/* End PBXGroup section */

/* Begin PBXNativeTarget section */
		0F690FAA25DE51AB00019D1F /* Flix */ = {
			isa = PBXNativeTarget;
			buildConfigurationList = 0F690FD525DE51AF00019D1F /* Build configuration list for PBXNativeTarget "Flix" */;
			buildPhases = (
				E5D51EE7B0E755D00B6D60D8 /* [CP] Check Pods Manifest.lock */,
				0F690FA725DE51AB00019D1F /* Sources */,
				0F690FA825DE51AB00019D1F /* Frameworks */,
				0F690FA925DE51AB00019D1F /* Resources */,
				B3FC637C1F8C7F43A0CAC6DD /* [CP] Embed Pods Frameworks */,
			);
			buildRules = (
			);
			dependencies = (
			);
			name = Flix;
			productName = Flix;
			productReference = 0F690FAB25DE51AB00019D1F /* Flix.app */;
			productType = "com.apple.product-type.application";
		};
		0F690FC025DE51AF00019D1F /* FlixTests */ = {
			isa = PBXNativeTarget;
			buildConfigurationList = 0F690FD825DE51AF00019D1F /* Build configuration list for PBXNativeTarget "FlixTests" */;
			buildPhases = (
				87EB55EB1775F93B60F4DE3F /* [CP] Check Pods Manifest.lock */,
				0F690FBD25DE51AF00019D1F /* Sources */,
				0F690FBE25DE51AF00019D1F /* Frameworks */,
				0F690FBF25DE51AF00019D1F /* Resources */,
			);
			buildRules = (
			);
			dependencies = (
				0F690FC325DE51AF00019D1F /* PBXTargetDependency */,
			);
			name = FlixTests;
			productName = FlixTests;
			productReference = 0F690FC125DE51AF00019D1F /* FlixTests.xctest */;
			productType = "com.apple.product-type.bundle.unit-test";
		};
		0F690FCB25DE51AF00019D1F /* FlixUITests */ = {
			isa = PBXNativeTarget;
			buildConfigurationList = 0F690FDB25DE51AF00019D1F /* Build configuration list for PBXNativeTarget "FlixUITests" */;
			buildPhases = (
				E7E7F0E0A6DF306C59E70E65 /* [CP] Check Pods Manifest.lock */,
				0F690FC825DE51AF00019D1F /* Sources */,
				0F690FC925DE51AF00019D1F /* Frameworks */,
				0F690FCA25DE51AF00019D1F /* Resources */,
				1AA585BAA52B6883A38F072A /* [CP] Embed Pods Frameworks */,
			);
			buildRules = (
			);
			dependencies = (
				0F690FCE25DE51AF00019D1F /* PBXTargetDependency */,
			);
			name = FlixUITests;
			productName = FlixUITests;
			productReference = 0F690FCC25DE51AF00019D1F /* FlixUITests.xctest */;
			productType = "com.apple.product-type.bundle.ui-testing";
		};
/* End PBXNativeTarget section */

/* Begin PBXProject section */
		0F690FA325DE51AB00019D1F /* Project object */ = {
			isa = PBXProject;
			attributes = {
				LastSwiftUpdateCheck = 1240;
				LastUpgradeCheck = 1240;
				TargetAttributes = {
					0F690FAA25DE51AB00019D1F = {
						CreatedOnToolsVersion = 12.4;
					};
					0F690FC025DE51AF00019D1F = {
						CreatedOnToolsVersion = 12.4;
						TestTargetID = 0F690FAA25DE51AB00019D1F;
					};
					0F690FCB25DE51AF00019D1F = {
						CreatedOnToolsVersion = 12.4;
						TestTargetID = 0F690FAA25DE51AB00019D1F;
					};
				};
			};
			buildConfigurationList = 0F690FA625DE51AB00019D1F /* Build configuration list for PBXProject "Flix" */;
			compatibilityVersion = "Xcode 9.3";
			developmentRegion = en;
			hasScannedForEncodings = 0;
			knownRegions = (
				en,
				Base,
			);
			mainGroup = 0F690FA225DE51AB00019D1F;
			productRefGroup = 0F690FAC25DE51AB00019D1F /* Products */;
			projectDirPath = "";
			projectRoot = "";
			targets = (
				0F690FAA25DE51AB00019D1F /* Flix */,
				0F690FC025DE51AF00019D1F /* FlixTests */,
				0F690FCB25DE51AF00019D1F /* FlixUITests */,
			);
		};
/* End PBXProject section */

/* Begin PBXResourcesBuildPhase section */
		0F690FA925DE51AB00019D1F /* Resources */ = {
			isa = PBXResourcesBuildPhase;
			buildActionMask = 2147483647;
			files = (
				0F690FBB25DE51AE00019D1F /* LaunchScreen.storyboard in Resources */,
				0F690FB825DE51AE00019D1F /* Assets.xcassets in Resources */,
				0F690FB625DE51AB00019D1F /* Main.storyboard in Resources */,
			);
			runOnlyForDeploymentPostprocessing = 0;
		};
		0F690FBF25DE51AF00019D1F /* Resources */ = {
			isa = PBXResourcesBuildPhase;
			buildActionMask = 2147483647;
			files = (
			);
			runOnlyForDeploymentPostprocessing = 0;
		};
		0F690FCA25DE51AF00019D1F /* Resources */ = {
			isa = PBXResourcesBuildPhase;
			buildActionMask = 2147483647;
			files = (
			);
			runOnlyForDeploymentPostprocessing = 0;
		};
/* End PBXResourcesBuildPhase section */

/* Begin PBXShellScriptBuildPhase section */
		1AA585BAA52B6883A38F072A /* [CP] Embed Pods Frameworks */ = {
			isa = PBXShellScriptBuildPhase;
			buildActionMask = 2147483647;
			files = (
			);
			inputFileListPaths = (
				"${PODS_ROOT}/Target Support Files/Pods-Flix-FlixUITests/Pods-Flix-FlixUITests-frameworks-${CONFIGURATION}-input-files.xcfilelist",
			);
			name = "[CP] Embed Pods Frameworks";
			outputFileListPaths = (
				"${PODS_ROOT}/Target Support Files/Pods-Flix-FlixUITests/Pods-Flix-FlixUITests-frameworks-${CONFIGURATION}-output-files.xcfilelist",
			);
			runOnlyForDeploymentPostprocessing = 0;
			shellPath = /bin/sh;
			shellScript = "\"${PODS_ROOT}/Target Support Files/Pods-Flix-FlixUITests/Pods-Flix-FlixUITests-frameworks.sh\"\n";
			showEnvVarsInLog = 0;
		};
		87EB55EB1775F93B60F4DE3F /* [CP] Check Pods Manifest.lock */ = {
			isa = PBXShellScriptBuildPhase;
			buildActionMask = 2147483647;
			files = (
			);
			inputFileListPaths = (
			);
			inputPaths = (
				"${PODS_PODFILE_DIR_PATH}/Podfile.lock",
				"${PODS_ROOT}/Manifest.lock",
			);
			name = "[CP] Check Pods Manifest.lock";
			outputFileListPaths = (
			);
			outputPaths = (
				"$(DERIVED_FILE_DIR)/Pods-FlixTests-checkManifestLockResult.txt",
			);
			runOnlyForDeploymentPostprocessing = 0;
			shellPath = /bin/sh;
			shellScript = "diff \"${PODS_PODFILE_DIR_PATH}/Podfile.lock\" \"${PODS_ROOT}/Manifest.lock\" > /dev/null\nif [ $? != 0 ] ; then\n    # print error to STDERR\n    echo \"error: The sandbox is not in sync with the Podfile.lock. Run 'pod install' or update your CocoaPods installation.\" >&2\n    exit 1\nfi\n# This output is used by Xcode 'outputs' to avoid re-running this script phase.\necho \"SUCCESS\" > \"${SCRIPT_OUTPUT_FILE_0}\"\n";
			showEnvVarsInLog = 0;
		};
		B3FC637C1F8C7F43A0CAC6DD /* [CP] Embed Pods Frameworks */ = {
			isa = PBXShellScriptBuildPhase;
			buildActionMask = 2147483647;
			files = (
			);
			inputFileListPaths = (
				"${PODS_ROOT}/Target Support Files/Pods-Flix/Pods-Flix-frameworks-${CONFIGURATION}-input-files.xcfilelist",
			);
			name = "[CP] Embed Pods Frameworks";
			outputFileListPaths = (
				"${PODS_ROOT}/Target Support Files/Pods-Flix/Pods-Flix-frameworks-${CONFIGURATION}-output-files.xcfilelist",
			);
			runOnlyForDeploymentPostprocessing = 0;
			shellPath = /bin/sh;
			shellScript = "\"${PODS_ROOT}/Target Support Files/Pods-Flix/Pods-Flix-frameworks.sh\"\n";
			showEnvVarsInLog = 0;
		};
		E5D51EE7B0E755D00B6D60D8 /* [CP] Check Pods Manifest.lock */ = {
			isa = PBXShellScriptBuildPhase;
			buildActionMask = 2147483647;
			files = (
			);
			inputFileListPaths = (
			);
			inputPaths = (
				"${PODS_PODFILE_DIR_PATH}/Podfile.lock",
				"${PODS_ROOT}/Manifest.lock",
			);
			name = "[CP] Check Pods Manifest.lock";
			outputFileListPaths = (
			);
			outputPaths = (
				"$(DERIVED_FILE_DIR)/Pods-Flix-checkManifestLockResult.txt",
			);
			runOnlyForDeploymentPostprocessing = 0;
			shellPath = /bin/sh;
			shellScript = "diff \"${PODS_PODFILE_DIR_PATH}/Podfile.lock\" \"${PODS_ROOT}/Manifest.lock\" > /dev/null\nif [ $? != 0 ] ; then\n    # print error to STDERR\n    echo \"error: The sandbox is not in sync with the Podfile.lock. Run 'pod install' or update your CocoaPods installation.\" >&2\n    exit 1\nfi\n# This output is used by Xcode 'outputs' to avoid re-running this script phase.\necho \"SUCCESS\" > \"${SCRIPT_OUTPUT_FILE_0}\"\n";
			showEnvVarsInLog = 0;
		};
		E7E7F0E0A6DF306C59E70E65 /* [CP] Check Pods Manifest.lock */ = {
			isa = PBXShellScriptBuildPhase;
			buildActionMask = 2147483647;
			files = (
			);
			inputFileListPaths = (
			);
			inputPaths = (
				"${PODS_PODFILE_DIR_PATH}/Podfile.lock",
				"${PODS_ROOT}/Manifest.lock",
			);
			name = "[CP] Check Pods Manifest.lock";
			outputFileListPaths = (
			);
			outputPaths = (
				"$(DERIVED_FILE_DIR)/Pods-Flix-FlixUITests-checkManifestLockResult.txt",
			);
			runOnlyForDeploymentPostprocessing = 0;
			shellPath = /bin/sh;
			shellScript = "diff \"${PODS_PODFILE_DIR_PATH}/Podfile.lock\" \"${PODS_ROOT}/Manifest.lock\" > /dev/null\nif [ $? != 0 ] ; then\n    # print error to STDERR\n    echo \"error: The sandbox is not in sync with the Podfile.lock. Run 'pod install' or update your CocoaPods installation.\" >&2\n    exit 1\nfi\n# This output is used by Xcode 'outputs' to avoid re-running this script phase.\necho \"SUCCESS\" > \"${SCRIPT_OUTPUT_FILE_0}\"\n";
			showEnvVarsInLog = 0;
		};
/* End PBXShellScriptBuildPhase section */

/* Begin PBXSourcesBuildPhase section */
		0F690FA725DE51AB00019D1F /* Sources */ = {
			isa = PBXSourcesBuildPhase;
			buildActionMask = 2147483647;
			files = (
				0F690FAF25DE51AB00019D1F /* AppDelegate.swift in Sources */,
				0F690FB125DE51AB00019D1F /* SceneDelegate.swift in Sources */,
				0F690FEA25DF3AD300019D1F /* MovieCell.swift in Sources */,
				0F690FE525DE51D000019D1F /* MovieViewController.swift in Sources */,
			);
			runOnlyForDeploymentPostprocessing = 0;
		};
		0F690FBD25DE51AF00019D1F /* Sources */ = {
			isa = PBXSourcesBuildPhase;
			buildActionMask = 2147483647;
			files = (
				0F690FC625DE51AF00019D1F /* FlixTests.swift in Sources */,
			);
			runOnlyForDeploymentPostprocessing = 0;
		};
		0F690FC825DE51AF00019D1F /* Sources */ = {
			isa = PBXSourcesBuildPhase;
			buildActionMask = 2147483647;
			files = (
				0F690FD125DE51AF00019D1F /* FlixUITests.swift in Sources */,
			);
			runOnlyForDeploymentPostprocessing = 0;
		};
/* End PBXSourcesBuildPhase section */

/* Begin PBXTargetDependency section */
		0F690FC325DE51AF00019D1F /* PBXTargetDependency */ = {
			isa = PBXTargetDependency;
			target = 0F690FAA25DE51AB00019D1F /* Flix */;
			targetProxy = 0F690FC225DE51AF00019D1F /* PBXContainerItemProxy */;
		};
		0F690FCE25DE51AF00019D1F /* PBXTargetDependency */ = {
			isa = PBXTargetDependency;
			target = 0F690FAA25DE51AB00019D1F /* Flix */;
			targetProxy = 0F690FCD25DE51AF00019D1F /* PBXContainerItemProxy */;
		};
/* End PBXTargetDependency section */

/* Begin PBXVariantGroup section */
		0F690FB425DE51AB00019D1F /* Main.storyboard */ = {
			isa = PBXVariantGroup;
			children = (
				0F690FB525DE51AB00019D1F /* Base */,
			);
			name = Main.storyboard;
			sourceTree = "<group>";
		};
		0F690FB925DE51AE00019D1F /* LaunchScreen.storyboard */ = {
			isa = PBXVariantGroup;
			children = (
				0F690FBA25DE51AE00019D1F /* Base */,
			);
			name = LaunchScreen.storyboard;
			sourceTree = "<group>";
		};
/* End PBXVariantGroup section */

/* Begin XCBuildConfiguration section */
		0F690FD325DE51AF00019D1F /* Debug */ = {
			isa = XCBuildConfiguration;
			buildSettings = {
				ALWAYS_SEARCH_USER_PATHS = NO;
				CLANG_ANALYZER_NONNULL = YES;
				CLANG_ANALYZER_NUMBER_OBJECT_CONVERSION = YES_AGGRESSIVE;
				CLANG_CXX_LANGUAGE_STANDARD = "gnu++14";
				CLANG_CXX_LIBRARY = "libc++";
				CLANG_ENABLE_MODULES = YES;
				CLANG_ENABLE_OBJC_ARC = YES;
				CLANG_ENABLE_OBJC_WEAK = YES;
				CLANG_WARN_BLOCK_CAPTURE_AUTORELEASING = YES;
				CLANG_WARN_BOOL_CONVERSION = YES;
				CLANG_WARN_COMMA = YES;
				CLANG_WARN_CONSTANT_CONVERSION = YES;
				CLANG_WARN_DEPRECATED_OBJC_IMPLEMENTATIONS = YES;
				CLANG_WARN_DIRECT_OBJC_ISA_USAGE = YES_ERROR;
				CLANG_WARN_DOCUMENTATION_COMMENTS = YES;
				CLANG_WARN_EMPTY_BODY = YES;
				CLANG_WARN_ENUM_CONVERSION = YES;
				CLANG_WARN_INFINITE_RECURSION = YES;
				CLANG_WARN_INT_CONVERSION = YES;
				CLANG_WARN_NON_LITERAL_NULL_CONVERSION = YES;
				CLANG_WARN_OBJC_IMPLICIT_RETAIN_SELF = YES;
				CLANG_WARN_OBJC_LITERAL_CONVERSION = YES;
				CLANG_WARN_OBJC_ROOT_CLASS = YES_ERROR;
				CLANG_WARN_QUOTED_INCLUDE_IN_FRAMEWORK_HEADER = YES;
				CLANG_WARN_RANGE_LOOP_ANALYSIS = YES;
				CLANG_WARN_STRICT_PROTOTYPES = YES;
				CLANG_WARN_SUSPICIOUS_MOVE = YES;
				CLANG_WARN_UNGUARDED_AVAILABILITY = YES_AGGRESSIVE;
				CLANG_WARN_UNREACHABLE_CODE = YES;
				CLANG_WARN__DUPLICATE_METHOD_MATCH = YES;
				COPY_PHASE_STRIP = NO;
				DEBUG_INFORMATION_FORMAT = dwarf;
				ENABLE_STRICT_OBJC_MSGSEND = YES;
				ENABLE_TESTABILITY = YES;
				GCC_C_LANGUAGE_STANDARD = gnu11;
				GCC_DYNAMIC_NO_PIC = NO;
				GCC_NO_COMMON_BLOCKS = YES;
				GCC_OPTIMIZATION_LEVEL = 0;
				GCC_PREPROCESSOR_DEFINITIONS = (
					"DEBUG=1",
					"$(inherited)",
				);
				GCC_WARN_64_TO_32_BIT_CONVERSION = YES;
				GCC_WARN_ABOUT_RETURN_TYPE = YES_ERROR;
				GCC_WARN_UNDECLARED_SELECTOR = YES;
				GCC_WARN_UNINITIALIZED_AUTOS = YES_AGGRESSIVE;
				GCC_WARN_UNUSED_FUNCTION = YES;
				GCC_WARN_UNUSED_VARIABLE = YES;
				IPHONEOS_DEPLOYMENT_TARGET = 14.4;
				MTL_ENABLE_DEBUG_INFO = INCLUDE_SOURCE;
				MTL_FAST_MATH = YES;
				ONLY_ACTIVE_ARCH = YES;
				SDKROOT = iphoneos;
				SWIFT_ACTIVE_COMPILATION_CONDITIONS = DEBUG;
				SWIFT_OPTIMIZATION_LEVEL = "-Onone";
			};
			name = Debug;
		};
		0F690FD425DE51AF00019D1F /* Release */ = {
			isa = XCBuildConfiguration;
			buildSettings = {
				ALWAYS_SEARCH_USER_PATHS = NO;
				CLANG_ANALYZER_NONNULL = YES;
				CLANG_ANALYZER_NUMBER_OBJECT_CONVERSION = YES_AGGRESSIVE;
				CLANG_CXX_LANGUAGE_STANDARD = "gnu++14";
				CLANG_CXX_LIBRARY = "libc++";
				CLANG_ENABLE_MODULES = YES;
				CLANG_ENABLE_OBJC_ARC = YES;
				CLANG_ENABLE_OBJC_WEAK = YES;
				CLANG_WARN_BLOCK_CAPTURE_AUTORELEASING = YES;
				CLANG_WARN_BOOL_CONVERSION = YES;
				CLANG_WARN_COMMA = YES;
				CLANG_WARN_CONSTANT_CONVERSION = YES;
				CLANG_WARN_DEPRECATED_OBJC_IMPLEMENTATIONS = YES;
				CLANG_WARN_DIRECT_OBJC_ISA_USAGE = YES_ERROR;
				CLANG_WARN_DOCUMENTATION_COMMENTS = YES;
				CLANG_WARN_EMPTY_BODY = YES;
				CLANG_WARN_ENUM_CONVERSION = YES;
				CLANG_WARN_INFINITE_RECURSION = YES;
				CLANG_WARN_INT_CONVERSION = YES;
				CLANG_WARN_NON_LITERAL_NULL_CONVERSION = YES;
				CLANG_WARN_OBJC_IMPLICIT_RETAIN_SELF = YES;
				CLANG_WARN_OBJC_LITERAL_CONVERSION = YES;
				CLANG_WARN_OBJC_ROOT_CLASS = YES_ERROR;
				CLANG_WARN_QUOTED_INCLUDE_IN_FRAMEWORK_HEADER = YES;
				CLANG_WARN_RANGE_LOOP_ANALYSIS = YES;
				CLANG_WARN_STRICT_PROTOTYPES = YES;
				CLANG_WARN_SUSPICIOUS_MOVE = YES;
				CLANG_WARN_UNGUARDED_AVAILABILITY = YES_AGGRESSIVE;
				CLANG_WARN_UNREACHABLE_CODE = YES;
				CLANG_WARN__DUPLICATE_METHOD_MATCH = YES;
				COPY_PHASE_STRIP = NO;
				DEBUG_INFORMATION_FORMAT = "dwarf-with-dsym";
				ENABLE_NS_ASSERTIONS = NO;
				ENABLE_STRICT_OBJC_MSGSEND = YES;
				GCC_C_LANGUAGE_STANDARD = gnu11;
				GCC_NO_COMMON_BLOCKS = YES;
				GCC_WARN_64_TO_32_BIT_CONVERSION = YES;
				GCC_WARN_ABOUT_RETURN_TYPE = YES_ERROR;
				GCC_WARN_UNDECLARED_SELECTOR = YES;
				GCC_WARN_UNINITIALIZED_AUTOS = YES_AGGRESSIVE;
				GCC_WARN_UNUSED_FUNCTION = YES;
				GCC_WARN_UNUSED_VARIABLE = YES;
				IPHONEOS_DEPLOYMENT_TARGET = 14.4;
				MTL_ENABLE_DEBUG_INFO = NO;
				MTL_FAST_MATH = YES;
				SDKROOT = iphoneos;
				SWIFT_COMPILATION_MODE = wholemodule;
				SWIFT_OPTIMIZATION_LEVEL = "-O";
				VALIDATE_PRODUCT = YES;
			};
			name = Release;
		};
		0F690FD625DE51AF00019D1F /* Debug */ = {
			isa = XCBuildConfiguration;
			baseConfigurationReference = F134F24B8C67749FC3175D73 /* Pods-Flix.debug.xcconfig */;
			buildSettings = {
				ALWAYS_EMBED_SWIFT_STANDARD_LIBRARIES = "$(inherited)";
				ASSETCATALOG_COMPILER_APPICON_NAME = AppIcon;
				ASSETCATALOG_COMPILER_GLOBAL_ACCENT_COLOR_NAME = AccentColor;
				CODE_SIGN_STYLE = Automatic;
				INFOPLIST_FILE = Flix/Info.plist;
				LD_RUNPATH_SEARCH_PATHS = (
					"$(inherited)",
					"@executable_path/Frameworks",
				);
				PRODUCT_BUNDLE_IDENTIFIER = codepath.Flix;
				PRODUCT_NAME = "$(TARGET_NAME)";
				SWIFT_VERSION = 5.0;
				TARGETED_DEVICE_FAMILY = "1,2";
			};
			name = Debug;
		};
		0F690FD725DE51AF00019D1F /* Release */ = {
			isa = XCBuildConfiguration;
			baseConfigurationReference = 879D7C399C59F4A6F2635588 /* Pods-Flix.release.xcconfig */;
			buildSettings = {
				ALWAYS_EMBED_SWIFT_STANDARD_LIBRARIES = "$(inherited)";
				ASSETCATALOG_COMPILER_APPICON_NAME = AppIcon;
				ASSETCATALOG_COMPILER_GLOBAL_ACCENT_COLOR_NAME = AccentColor;
				CODE_SIGN_STYLE = Automatic;
				INFOPLIST_FILE = Flix/Info.plist;
				LD_RUNPATH_SEARCH_PATHS = (
					"$(inherited)",
					"@executable_path/Frameworks",
				);
				PRODUCT_BUNDLE_IDENTIFIER = codepath.Flix;
				PRODUCT_NAME = "$(TARGET_NAME)";
				SWIFT_VERSION = 5.0;
				TARGETED_DEVICE_FAMILY = "1,2";
			};
			name = Release;
		};
		0F690FD925DE51AF00019D1F /* Debug */ = {
			isa = XCBuildConfiguration;
			baseConfigurationReference = BC679905FA8F3CA342384A77 /* Pods-FlixTests.debug.xcconfig */;
			buildSettings = {
				ALWAYS_EMBED_SWIFT_STANDARD_LIBRARIES = YES;
				BUNDLE_LOADER = "$(TEST_HOST)";
				CODE_SIGN_STYLE = Automatic;
				INFOPLIST_FILE = FlixTests/Info.plist;
				IPHONEOS_DEPLOYMENT_TARGET = 14.4;
				LD_RUNPATH_SEARCH_PATHS = (
					"$(inherited)",
					"@executable_path/Frameworks",
					"@loader_path/Frameworks",
				);
				PRODUCT_BUNDLE_IDENTIFIER = codepath.FlixTests;
				PRODUCT_NAME = "$(TARGET_NAME)";
				SWIFT_VERSION = 5.0;
				TARGETED_DEVICE_FAMILY = "1,2";
				TEST_HOST = "$(BUILT_PRODUCTS_DIR)/Flix.app/Flix";
			};
			name = Debug;
		};
		0F690FDA25DE51AF00019D1F /* Release */ = {
			isa = XCBuildConfiguration;
			baseConfigurationReference = 2E41CB9DCBB33F50284056A6 /* Pods-FlixTests.release.xcconfig */;
			buildSettings = {
				ALWAYS_EMBED_SWIFT_STANDARD_LIBRARIES = YES;
				BUNDLE_LOADER = "$(TEST_HOST)";
				CODE_SIGN_STYLE = Automatic;
				INFOPLIST_FILE = FlixTests/Info.plist;
				IPHONEOS_DEPLOYMENT_TARGET = 14.4;
				LD_RUNPATH_SEARCH_PATHS = (
					"$(inherited)",
					"@executable_path/Frameworks",
					"@loader_path/Frameworks",
				);
				PRODUCT_BUNDLE_IDENTIFIER = codepath.FlixTests;
				PRODUCT_NAME = "$(TARGET_NAME)";
				SWIFT_VERSION = 5.0;
				TARGETED_DEVICE_FAMILY = "1,2";
				TEST_HOST = "$(BUILT_PRODUCTS_DIR)/Flix.app/Flix";
			};
			name = Release;
		};
		0F690FDC25DE51AF00019D1F /* Debug */ = {
			isa = XCBuildConfiguration;
			baseConfigurationReference = E89A0E141D7F46728C21DB8F /* Pods-Flix-FlixUITests.debug.xcconfig */;
			buildSettings = {
				ALWAYS_EMBED_SWIFT_STANDARD_LIBRARIES = YES;
				CODE_SIGN_STYLE = Automatic;
				INFOPLIST_FILE = FlixUITests/Info.plist;
				LD_RUNPATH_SEARCH_PATHS = (
					"$(inherited)",
					"@executable_path/Frameworks",
					"@loader_path/Frameworks",
				);
				PRODUCT_BUNDLE_IDENTIFIER = codepath.FlixUITests;
				PRODUCT_NAME = "$(TARGET_NAME)";
				SWIFT_VERSION = 5.0;
				TARGETED_DEVICE_FAMILY = "1,2";
				TEST_TARGET_NAME = Flix;
			};
			name = Debug;
		};
		0F690FDD25DE51AF00019D1F /* Release */ = {
			isa = XCBuildConfiguration;
			baseConfigurationReference = 61AECE7A91A63042C511FD55 /* Pods-Flix-FlixUITests.release.xcconfig */;
			buildSettings = {
				ALWAYS_EMBED_SWIFT_STANDARD_LIBRARIES = YES;
				CODE_SIGN_STYLE = Automatic;
				INFOPLIST_FILE = FlixUITests/Info.plist;
				LD_RUNPATH_SEARCH_PATHS = (
					"$(inherited)",
					"@executable_path/Frameworks",
					"@loader_path/Frameworks",
				);
				PRODUCT_BUNDLE_IDENTIFIER = codepath.FlixUITests;
				PRODUCT_NAME = "$(TARGET_NAME)";
				SWIFT_VERSION = 5.0;
				TARGETED_DEVICE_FAMILY = "1,2";
				TEST_TARGET_NAME = Flix;
			};
			name = Release;
		};
/* End XCBuildConfiguration section */

/* Begin XCConfigurationList section */
		0F690FA625DE51AB00019D1F /* Build configuration list for PBXProject "Flix" */ = {
			isa = XCConfigurationList;
			buildConfigurations = (
				0F690FD325DE51AF00019D1F /* Debug */,
				0F690FD425DE51AF00019D1F /* Release */,
			);
			defaultConfigurationIsVisible = 0;
			defaultConfigurationName = Release;
		};
		0F690FD525DE51AF00019D1F /* Build configuration list for PBXNativeTarget "Flix" */ = {
			isa = XCConfigurationList;
			buildConfigurations = (
				0F690FD625DE51AF00019D1F /* Debug */,
				0F690FD725DE51AF00019D1F /* Release */,
			);
			defaultConfigurationIsVisible = 0;
			defaultConfigurationName = Release;
		};
		0F690FD825DE51AF00019D1F /* Build configuration list for PBXNativeTarget "FlixTests" */ = {
			isa = XCConfigurationList;
			buildConfigurations = (
				0F690FD925DE51AF00019D1F /* Debug */,
				0F690FDA25DE51AF00019D1F /* Release */,
			);
			defaultConfigurationIsVisible = 0;
			defaultConfigurationName = Release;
		};
		0F690FDB25DE51AF00019D1F /* Build configuration list for PBXNativeTarget "FlixUITests" */ = {
			isa = XCConfigurationList;
			buildConfigurations = (
				0F690FDC25DE51AF00019D1F /* Debug */,
				0F690FDD25DE51AF00019D1F /* Release */,
			);
			defaultConfigurationIsVisible = 0;
			defaultConfigurationName = Release;
		};
/* End XCConfigurationList section */
	};
	rootObject = 0F690FA325DE51AB00019D1F /* Project object */;
}
